
Microsoft Visual Studio Solution File, Format Version 12.00
# Visual Studio Version 17
VisualStudioVersion = 17.4.33205.214
MinimumVisualStudioVersion = 10.0.40219.1
Project("{FAE04EC0-301F-11D3-BF4B-00C04F79EFBC}") = "Homework03.04.2023", "Homework03.04.2023\Homework03.04.2023.csproj", "{F08620AA-2E38-4E04-8D13-FBB9BC9DC99D}"
EndProject
Global
	GlobalSection(SolutionConfigurationPlatforms) = preSolution
		Debug|Any CPU = Debug|Any CPU
		Release|Any CPU = Release|Any CPU
	EndGlobalSection
	GlobalSection(ProjectConfigurationPlatforms) = postSolution
		{F08620AA-2E38-4E04-8D13-FBB9BC9DC99D}.Debug|Any CPU.ActiveCfg = Debug|Any CPU
		{F08620AA-2E38-4E04-8D13-FBB9BC9DC99D}.Debug|Any CPU.Build.0 = Debug|Any CPU
		{F08620AA-2E38-4E04-8D13-FBB9BC9DC99D}.Release|Any CPU.ActiveCfg = Release|Any CPU
		{F08620AA-2E38-4E04-8D13-FBB9BC9DC99D}.Release|Any CPU.Build.0 = Release|Any CPU
	EndGlobalSection
	GlobalSection(SolutionProperties) = preSolution
		HideSolutionNode = FALSE
	EndGlobalSection
	GlobalSection(ExtensibilityGlobals) = postSolution
		SolutionGuid = {68231B74-602F-4017-94D7-69286A99D0B5}
	EndGlobalSection
EndGlobal
